
Microsoft Visual Studio Solution File, Format Version 12.00
# Visual Studio Version 17
VisualStudioVersion = 17.14.36127.28
MinimumVisualStudioVersion = 10.0.40219.1
Project("{FAE04EC0-301F-11D3-BF4B-00C04F79EFBC}") = "McpJikkenApp", "McpJikkenApp\McpJikkenApp.csproj", "{2D4F5983-135C-4201-B3D0-F28C677DDDB6}"
EndProject
Project("{FAE04EC0-301F-11D3-BF4B-00C04F79EFBC}") = "McpJikkenAppWindow", "McpJikkenAppWindow\McpJikkenAppWindow.csproj", "{E0CAE572-E713-4E35-95EF-238160F5932D}"
EndProject
Project("{D954291E-2A0B-460D-934E-DC6B0785DB48}") = "SharedProject", "SharedProject\SharedProject.shproj", "{CB064D0C-2A6D-46AD-B96C-427D9B3FFE68}"
EndProject
Project("{FAE04EC0-301F-11D3-BF4B-00C04F79EFBC}") = "YushaParameterControlMcpServer", "YushaParameterControlMcpServer\YushaParameterControlMcpServer.csproj", "{38839D06-B9BF-4AA6-B39F-4A008641647A}"
EndProject
Global
	GlobalSection(SolutionConfigurationPlatforms) = preSolution
		Debug|x64 = Debug|x64
		Release|x64 = Release|x64
	EndGlobalSection
	GlobalSection(ProjectConfigurationPlatforms) = postSolution
		{2D4F5983-135C-4201-B3D0-F28C677DDDB6}.Debug|x64.ActiveCfg = Debug|x64
		{2D4F5983-135C-4201-B3D0-F28C677DDDB6}.Debug|x64.Build.0 = Debug|x64
		{2D4F5983-135C-4201-B3D0-F28C677DDDB6}.Release|x64.ActiveCfg = Release|x64
		{2D4F5983-135C-4201-B3D0-F28C677DDDB6}.Release|x64.Build.0 = Release|x64
		{E0CAE572-E713-4E35-95EF-238160F5932D}.Debug|x64.ActiveCfg = Debug|x64
		{E0CAE572-E713-4E35-95EF-238160F5932D}.Debug|x64.Build.0 = Debug|x64
		{E0CAE572-E713-4E35-95EF-238160F5932D}.Release|x64.ActiveCfg = Release|x64
		{E0CAE572-E713-4E35-95EF-238160F5932D}.Release|x64.Build.0 = Release|x64
		{38839D06-B9BF-4AA6-B39F-4A008641647A}.Debug|x64.ActiveCfg = Debug|x64
		{38839D06-B9BF-4AA6-B39F-4A008641647A}.Debug|x64.Build.0 = Debug|x64
		{38839D06-B9BF-4AA6-B39F-4A008641647A}.Release|x64.ActiveCfg = Release|x64
		{38839D06-B9BF-4AA6-B39F-4A008641647A}.Release|x64.Build.0 = Release|x64
	EndGlobalSection
	GlobalSection(SolutionProperties) = preSolution
		HideSolutionNode = FALSE
	EndGlobalSection
	GlobalSection(ExtensibilityGlobals) = postSolution
		SolutionGuid = {4729097D-E57B-4CAA-8A93-0F5F8CD7862D}
	EndGlobalSection
	GlobalSection(SharedMSBuildProjectFiles) = preSolution
		SharedProject\SharedProject.projitems*{2d4f5983-135c-4201-b3d0-f28c677dddb6}*SharedItemsImports = 5
		SharedProject\SharedProject.projitems*{cb064d0c-2a6d-46ad-b96c-427d9b3ffe68}*SharedItemsImports = 13
		SharedProject\SharedProject.projitems*{e0cae572-e713-4e35-95ef-238160f5932d}*SharedItemsImports = 5
	EndGlobalSection
EndGlobal
