
Microsoft Visual Studio Solution File, Format Version 12.00
# Visual Studio Version 17
VisualStudioVersion = 17.14.36127.28
MinimumVisualStudioVersion = 10.0.40219.1
Project("{FAE04EC0-301F-11D3-BF4B-00C04F79EFBC}") = "ReviewWithOurCodingRulesMcpServer", "ReviewWithOurCodingRulesMcpServer\ReviewWithOurCodingRulesMcpServer.csproj", "{38839D06-B9BF-4AA6-B39F-4A008641647A}"
EndProject
Global
	GlobalSection(SolutionConfigurationPlatforms) = preSolution
		Debug|x64 = Debug|x64
		Release|x64 = Release|x64
	EndGlobalSection
	GlobalSection(ProjectConfigurationPlatforms) = postSolution
		{38839D06-B9BF-4AA6-B39F-4A008641647A}.Debug|x64.ActiveCfg = Debug|x64
		{38839D06-B9BF-4AA6-B39F-4A008641647A}.Debug|x64.Build.0 = Debug|x64
		{38839D06-B9BF-4AA6-B39F-4A008641647A}.Release|x64.ActiveCfg = Release|x64
		{38839D06-B9BF-4AA6-B39F-4A008641647A}.Release|x64.Build.0 = Release|x64
	EndGlobalSection
	GlobalSection(SolutionProperties) = preSolution
		HideSolutionNode = FALSE
	EndGlobalSection
	GlobalSection(ExtensibilityGlobals) = postSolution
		SolutionGuid = {4729097D-E57B-4CAA-8A93-0F5F8CD7862D}
	EndGlobalSection
EndGlobal
